
Microsoft Visual Studio Solution File, Format Version 12.00
# Visual Studio Version 17
VisualStudioVersion = 17.7.34003.232
MinimumVisualStudioVersion = 10.0.40219.1
Project("{9A19103F-16F7-4668-BE54-9A1E7A4F7556}") = "Shopping", "Shopping\Shopping.csproj", "{55B079D9-C963-41AF-A50E-EBC027C64939}"
EndProject
Global
	GlobalSection(SolutionConfigurationPlatforms) = preSolution
		Debug|Any CPU = Debug|Any CPU
		Release|Any CPU = Release|Any CPU
	EndGlobalSection
	GlobalSection(ProjectConfigurationPlatforms) = postSolution
		{55B079D9-C963-41AF-A50E-EBC027C64939}.Debug|Any CPU.ActiveCfg = Debug|Any CPU
		{55B079D9-C963-41AF-A50E-EBC027C64939}.Debug|Any CPU.Build.0 = Debug|Any CPU
		{55B079D9-C963-41AF-A50E-EBC027C64939}.Release|Any CPU.ActiveCfg = Release|Any CPU
		{55B079D9-C963-41AF-A50E-EBC027C64939}.Release|Any CPU.Build.0 = Release|Any CPU
	EndGlobalSection
	GlobalSection(SolutionProperties) = preSolution
		HideSolutionNode = FALSE
	EndGlobalSection
	GlobalSection(ExtensibilityGlobals) = postSolution
		SolutionGuid = {1E64CD17-300C-4D8F-80FB-822B849E9E7B}
	EndGlobalSection
EndGlobal
